
Microsoft Visual Studio Solution File, Format Version 12.00
# Visual Studio Version 16
VisualStudioVersion = 16.0.29609.76
MinimumVisualStudioVersion = 10.0.40219.1
Project("{9A19103F-16F7-4668-BE54-9A1E7A4F7556}") = "SitemapExample.Web", "SitemapExample.Web\SitemapExample.Web.csproj", "{C443A1C0-289A-46A3-95D8-45C9B6B9DEE0}"
EndProject
Global
	GlobalSection(SolutionConfigurationPlatforms) = preSolution
		Debug|Any CPU = Debug|Any CPU
		Release|Any CPU = Release|Any CPU
	EndGlobalSection
	GlobalSection(ProjectConfigurationPlatforms) = postSolution
		{C443A1C0-289A-46A3-95D8-45C9B6B9DEE0}.Debug|Any CPU.ActiveCfg = Debug|Any CPU
		{C443A1C0-289A-46A3-95D8-45C9B6B9DEE0}.Debug|Any CPU.Build.0 = Debug|Any CPU
		{C443A1C0-289A-46A3-95D8-45C9B6B9DEE0}.Release|Any CPU.ActiveCfg = Release|Any CPU
		{C443A1C0-289A-46A3-95D8-45C9B6B9DEE0}.Release|Any CPU.Build.0 = Release|Any CPU
	EndGlobalSection
	GlobalSection(SolutionProperties) = preSolution
		HideSolutionNode = FALSE
	EndGlobalSection
	GlobalSection(ExtensibilityGlobals) = postSolution
		SolutionGuid = {C3060F44-6216-4D9E-9C38-7AAB0542175E}
	EndGlobalSection
EndGlobal
